
Microsoft Visual Studio Solution File, Format Version 12.00
# Visual Studio Version 16
VisualStudioVersion = 16.0.31613.86
MinimumVisualStudioVersion = 10.0.40219.1
Project("{FAE04EC0-301F-11D3-BF4B-00C04F79EFBC}") = "AdvancedMathLibrary", "AdvancedMathLibrary\AdvancedMathLibrary.csproj", "{7875D3B7-311C-4098-B2EE-D11DE05BB16C}"
EndProject
Project("{FAE04EC0-301F-11D3-BF4B-00C04F79EFBC}") = "TestAdvancedMathLibrary", "TestAdvancedMathLibrary\TestAdvancedMathLibrary.csproj", "{BA76D4D2-0E2C-4B51-A0DB-FF23F293505D}"
EndProject
Global
	GlobalSection(SolutionConfigurationPlatforms) = preSolution
		Debug|Any CPU = Debug|Any CPU
		Release|Any CPU = Release|Any CPU
	EndGlobalSection
	GlobalSection(ProjectConfigurationPlatforms) = postSolution
		{7875D3B7-311C-4098-B2EE-D11DE05BB16C}.Debug|Any CPU.ActiveCfg = Debug|Any CPU
		{7875D3B7-311C-4098-B2EE-D11DE05BB16C}.Debug|Any CPU.Build.0 = Debug|Any CPU
		{7875D3B7-311C-4098-B2EE-D11DE05BB16C}.Release|Any CPU.ActiveCfg = Release|Any CPU
		{7875D3B7-311C-4098-B2EE-D11DE05BB16C}.Release|Any CPU.Build.0 = Release|Any CPU
		{BA76D4D2-0E2C-4B51-A0DB-FF23F293505D}.Debug|Any CPU.ActiveCfg = Debug|Any CPU
		{BA76D4D2-0E2C-4B51-A0DB-FF23F293505D}.Debug|Any CPU.Build.0 = Debug|Any CPU
		{BA76D4D2-0E2C-4B51-A0DB-FF23F293505D}.Release|Any CPU.ActiveCfg = Release|Any CPU
		{BA76D4D2-0E2C-4B51-A0DB-FF23F293505D}.Release|Any CPU.Build.0 = Release|Any CPU
	EndGlobalSection
	GlobalSection(SolutionProperties) = preSolution
		HideSolutionNode = FALSE
	EndGlobalSection
	GlobalSection(ExtensibilityGlobals) = postSolution
		SolutionGuid = {4D076E73-C781-4C78-8CF7-8ED1B3FAC065}
	EndGlobalSection
EndGlobal
